
Microsoft Visual Studio Solution File, Format Version 12.00
# Visual Studio Version 17
VisualStudioVersion = 17.12.35527.113
MinimumVisualStudioVersion = 10.0.40219.1
Project("{FAE04EC0-301F-11D3-BF4B-00C04F79EFBC}") = "Sample_6", "Sample_6\Sample_6.csproj", "{18F1E6A3-17EA-42DF-A054-439CAAFB84B1}"
EndProject
Project("{FAE04EC0-301F-11D3-BF4B-00C04F79EFBC}") = "TextWindow", "TextWindow\TextWindow.csproj", "{87216159-2A6B-4837-BB3B-B7C83391BA9E}"
EndProject
Project("{FAE04EC0-301F-11D3-BF4B-00C04F79EFBC}") = "DrawWindow", "DrawWindow\DrawWindow.csproj", "{8CB0E6B3-F4CF-43C7-84B1-9C3F4F77D956}"
EndProject
Global
	GlobalSection(SolutionConfigurationPlatforms) = preSolution
		Debug|Any CPU = Debug|Any CPU
		Release|Any CPU = Release|Any CPU
	EndGlobalSection
	GlobalSection(ProjectConfigurationPlatforms) = postSolution
		{18F1E6A3-17EA-42DF-A054-439CAAFB84B1}.Debug|Any CPU.ActiveCfg = Debug|Any CPU
		{18F1E6A3-17EA-42DF-A054-439CAAFB84B1}.Debug|Any CPU.Build.0 = Debug|Any CPU
		{18F1E6A3-17EA-42DF-A054-439CAAFB84B1}.Release|Any CPU.ActiveCfg = Release|Any CPU
		{18F1E6A3-17EA-42DF-A054-439CAAFB84B1}.Release|Any CPU.Build.0 = Release|Any CPU
		{87216159-2A6B-4837-BB3B-B7C83391BA9E}.Debug|Any CPU.ActiveCfg = Debug|Any CPU
		{87216159-2A6B-4837-BB3B-B7C83391BA9E}.Debug|Any CPU.Build.0 = Debug|Any CPU
		{87216159-2A6B-4837-BB3B-B7C83391BA9E}.Release|Any CPU.ActiveCfg = Release|Any CPU
		{87216159-2A6B-4837-BB3B-B7C83391BA9E}.Release|Any CPU.Build.0 = Release|Any CPU
		{8CB0E6B3-F4CF-43C7-84B1-9C3F4F77D956}.Debug|Any CPU.ActiveCfg = Debug|Any CPU
		{8CB0E6B3-F4CF-43C7-84B1-9C3F4F77D956}.Debug|Any CPU.Build.0 = Debug|Any CPU
		{8CB0E6B3-F4CF-43C7-84B1-9C3F4F77D956}.Release|Any CPU.ActiveCfg = Release|Any CPU
		{8CB0E6B3-F4CF-43C7-84B1-9C3F4F77D956}.Release|Any CPU.Build.0 = Release|Any CPU
	EndGlobalSection
	GlobalSection(SolutionProperties) = preSolution
		HideSolutionNode = FALSE
	EndGlobalSection
EndGlobal
